
Microsoft Visual Studio Solution File, Format Version 12.00
# Visual Studio 15
VisualStudioVersion = 15.0.28010.2026
MinimumVisualStudioVersion = 10.0.40219.1
Project("{FAE04EC0-301F-11D3-BF4B-00C04F79EFBC}") = "leapYearIF", "leapYearIF\leapYearIF.csproj", "{5329AB12-E7CA-4DA0-B071-4282A9A8EE06}"
EndProject
Global
	GlobalSection(SolutionConfigurationPlatforms) = preSolution
		Debug|Any CPU = Debug|Any CPU
		Release|Any CPU = Release|Any CPU
	EndGlobalSection
	GlobalSection(ProjectConfigurationPlatforms) = postSolution
		{5329AB12-E7CA-4DA0-B071-4282A9A8EE06}.Debug|Any CPU.ActiveCfg = Debug|Any CPU
		{5329AB12-E7CA-4DA0-B071-4282A9A8EE06}.Debug|Any CPU.Build.0 = Debug|Any CPU
		{5329AB12-E7CA-4DA0-B071-4282A9A8EE06}.Release|Any CPU.ActiveCfg = Release|Any CPU
		{5329AB12-E7CA-4DA0-B071-4282A9A8EE06}.Release|Any CPU.Build.0 = Release|Any CPU
	EndGlobalSection
	GlobalSection(SolutionProperties) = preSolution
		HideSolutionNode = FALSE
	EndGlobalSection
	GlobalSection(ExtensibilityGlobals) = postSolution
		SolutionGuid = {4B5B83D4-930D-4745-8627-AB3D02444151}
	EndGlobalSection
EndGlobal
