
Microsoft Visual Studio Solution File, Format Version 12.00
# Visual Studio 15
VisualStudioVersion = 15.0.28010.2026
MinimumVisualStudioVersion = 10.0.40219.1
Project("{FAE04EC0-301F-11D3-BF4B-00C04F79EFBC}") = "combobox_test", "combobox_test\combobox_test.csproj", "{3097A731-17A4-4CFA-9F3C-8F537CCFA74B}"
EndProject
Global
	GlobalSection(SolutionConfigurationPlatforms) = preSolution
		Debug|Any CPU = Debug|Any CPU
		Release|Any CPU = Release|Any CPU
	EndGlobalSection
	GlobalSection(ProjectConfigurationPlatforms) = postSolution
		{3097A731-17A4-4CFA-9F3C-8F537CCFA74B}.Debug|Any CPU.ActiveCfg = Debug|Any CPU
		{3097A731-17A4-4CFA-9F3C-8F537CCFA74B}.Debug|Any CPU.Build.0 = Debug|Any CPU
		{3097A731-17A4-4CFA-9F3C-8F537CCFA74B}.Release|Any CPU.ActiveCfg = Release|Any CPU
		{3097A731-17A4-4CFA-9F3C-8F537CCFA74B}.Release|Any CPU.Build.0 = Release|Any CPU
	EndGlobalSection
	GlobalSection(SolutionProperties) = preSolution
		HideSolutionNode = FALSE
	EndGlobalSection
	GlobalSection(ExtensibilityGlobals) = postSolution
		SolutionGuid = {2B3CC603-633A-4B8A-AD3A-5A69EA0A50F9}
	EndGlobalSection
EndGlobal
