
Microsoft Visual Studio Solution File, Format Version 12.00
# Visual Studio 15
VisualStudioVersion = 15.0.28010.2026
MinimumVisualStudioVersion = 10.0.40219.1
Project("{FAE04EC0-301F-11D3-BF4B-00C04F79EFBC}") = "Laba", "Laba\Laba.csproj", "{3C48D718-C170-4B88-A81A-5C32170FFE0B}"
EndProject
Global
	GlobalSection(SolutionConfigurationPlatforms) = preSolution
		Debug|Any CPU = Debug|Any CPU
		Release|Any CPU = Release|Any CPU
	EndGlobalSection
	GlobalSection(ProjectConfigurationPlatforms) = postSolution
		{3C48D718-C170-4B88-A81A-5C32170FFE0B}.Debug|Any CPU.ActiveCfg = Debug|Any CPU
		{3C48D718-C170-4B88-A81A-5C32170FFE0B}.Debug|Any CPU.Build.0 = Debug|Any CPU
		{3C48D718-C170-4B88-A81A-5C32170FFE0B}.Release|Any CPU.ActiveCfg = Release|Any CPU
		{3C48D718-C170-4B88-A81A-5C32170FFE0B}.Release|Any CPU.Build.0 = Release|Any CPU
	EndGlobalSection
	GlobalSection(SolutionProperties) = preSolution
		HideSolutionNode = FALSE
	EndGlobalSection
	GlobalSection(ExtensibilityGlobals) = postSolution
		SolutionGuid = {551E6C66-BCF4-4315-9F18-CF00CD1EC2D0}
	EndGlobalSection
EndGlobal
